
Microsoft Visual Studio Solution File, Format Version 12.00
# Visual Studio Version 16
VisualStudioVersion = 16.0.31025.194
MinimumVisualStudioVersion = 10.0.40219.1
Project("{FAE04EC0-301F-11D3-BF4B-00C04F79EFBC}") = "Sadproj", "Sadproj\Sadproj.csproj", "{61DCEE27-C100-4046-B571-04C7D31AECBC}"
EndProject
Global
	GlobalSection(SolutionConfigurationPlatforms) = preSolution
		Debug|Any CPU = Debug|Any CPU
		Release|Any CPU = Release|Any CPU
	EndGlobalSection
	GlobalSection(ProjectConfigurationPlatforms) = postSolution
		{61DCEE27-C100-4046-B571-04C7D31AECBC}.Debug|Any CPU.ActiveCfg = Debug|Any CPU
		{61DCEE27-C100-4046-B571-04C7D31AECBC}.Debug|Any CPU.Build.0 = Debug|Any CPU
		{61DCEE27-C100-4046-B571-04C7D31AECBC}.Release|Any CPU.ActiveCfg = Release|Any CPU
		{61DCEE27-C100-4046-B571-04C7D31AECBC}.Release|Any CPU.Build.0 = Release|Any CPU
	EndGlobalSection
	GlobalSection(SolutionProperties) = preSolution
		HideSolutionNode = FALSE
	EndGlobalSection
	GlobalSection(ExtensibilityGlobals) = postSolution
		SolutionGuid = {CEAED637-D28D-4D57-84B8-C5CC12FCC846}
	EndGlobalSection
EndGlobal
